{
  "name": "react-chat",
  "version": "0.1.0",
  "lockfileVersion": 1,
  "requires": true,
  "dependencies": {
    "mobx": {
      "version": "3.3.2",
      "resolved": "http://registry.npm.taobao.org/mobx/download/mobx-3.3.2.tgz",
      "integrity": "sha1-6RKp98grLfafGr5lFeyqVRgooCQ="
    }
  }
}
